// !$*UTF8*$!
{
	archiveVersion = 1;
	classes = {
	};
	objectVersion = 46;
	objects = {

/* Begin PBXBuildFile section */
		0B14672EF80A3422A396E511 /* Pods_Desafio_iOSTests.framework in Frameworks */ = {isa = PBXBuildFile; fileRef = 6ACDD85F796A6D9AE2E30B71 /* Pods_Desafio_iOSTests.framework */; };
		30F2293CC6F3DB553B3BE782 /* Pods_Desafio_iOS.framework in Frameworks */ = {isa = PBXBuildFile; fileRef = F96B7AF3FD1DACACD2890426 /* Pods_Desafio_iOS.framework */; };
		BD0303CA1DC7AB6900D285CF /* GitHubTableViewController.swift in Sources */ = {isa = PBXBuildFile; fileRef = BD0303C91DC7AB6900D285CF /* GitHubTableViewController.swift */; };
		BD0696BE1DF8817400841737 /* PullRequestUser.swift in Sources */ = {isa = PBXBuildFile; fileRef = BD0696BD1DF8817400841737 /* PullRequestUser.swift */; };
		BD0DCEAA1DF72D5300DAAFCE /* RepositoryOwner.swift in Sources */ = {isa = PBXBuildFile; fileRef = BD0DCEA91DF72D5300DAAFCE /* RepositoryOwner.swift */; };
		BD1B66351DDF6FD800407D4C /* GitHubTableViewDelegate.swift in Sources */ = {isa = PBXBuildFile; fileRef = BD1B66341DDF6FD800407D4C /* GitHubTableViewDelegate.swift */; };
		BD2F2CFD1DDCF43A00C3C1F9 /* GitHubTableViewDataSource.swift in Sources */ = {isa = PBXBuildFile; fileRef = BD2F2CFC1DDCF43A00C3C1F9 /* GitHubTableViewDataSource.swift */; };
		BD3D207C1DC110E5009C070B /* AppDelegate.swift in Sources */ = {isa = PBXBuildFile; fileRef = BD3D207B1DC110E5009C070B /* AppDelegate.swift */; };
		BD3D207E1DC110E5009C070B /* Teste.swift in Sources */ = {isa = PBXBuildFile; fileRef = BD3D207D1DC110E5009C070B /* Teste.swift */; };
		BD3D20811DC110E5009C070B /* Main.storyboard in Resources */ = {isa = PBXBuildFile; fileRef = BD3D207F1DC110E5009C070B /* Main.storyboard */; };
		BD3D20831DC110E5009C070B /* Assets.xcassets in Resources */ = {isa = PBXBuildFile; fileRef = BD3D20821DC110E5009C070B /* Assets.xcassets */; };
		BD3D20861DC110E5009C070B /* LaunchScreen.storyboard in Resources */ = {isa = PBXBuildFile; fileRef = BD3D20841DC110E5009C070B /* LaunchScreen.storyboard */; };
		BD3D208E1DC13685009C070B /* GitHubTableViewCell.swift in Sources */ = {isa = PBXBuildFile; fileRef = BD3D208D1DC13685009C070B /* GitHubTableViewCell.swift */; };
		BD48B3971DD0E522006FB1E2 /* Desafio_iOSTests.swift in Sources */ = {isa = PBXBuildFile; fileRef = BD48B3961DD0E522006FB1E2 /* Desafio_iOSTests.swift */; };
		BD5889871DDF9B9300E7379C /* Repository.swift in Sources */ = {isa = PBXBuildFile; fileRef = BD5889861DDF9B9300E7379C /* Repository.swift */; };
		BD5889891DDFA01800E7379C /* RepositoryListTableViewController.swift in Sources */ = {isa = PBXBuildFile; fileRef = BD5889881DDFA01800E7379C /* RepositoryListTableViewController.swift */; };
		BD58898C1DDFA10C00E7379C /* RepositoryListDataSource.swift in Sources */ = {isa = PBXBuildFile; fileRef = BD58898B1DDFA10C00E7379C /* RepositoryListDataSource.swift */; };
		BD58898E1DDFA11600E7379C /* RepositoryListDelegate.swift in Sources */ = {isa = PBXBuildFile; fileRef = BD58898D1DDFA11600E7379C /* RepositoryListDelegate.swift */; };
		BD5889921DDFA46E00E7379C /* PullRequestTableViewCell.swift in Sources */ = {isa = PBXBuildFile; fileRef = BD5889911DDFA46E00E7379C /* PullRequestTableViewCell.swift */; };
		BD5889941DDFA49400E7379C /* RepositoryTableViewCell.swift in Sources */ = {isa = PBXBuildFile; fileRef = BD5889931DDFA49400E7379C /* RepositoryTableViewCell.swift */; };
		BD5889961DDFA5DC00E7379C /* PullRequestListDataSource.swift in Sources */ = {isa = PBXBuildFile; fileRef = BD5889951DDFA5DC00E7379C /* PullRequestListDataSource.swift */; };
		BD5889981DDFA63800E7379C /* PullRequestListTableViewController.swift in Sources */ = {isa = PBXBuildFile; fileRef = BD5889971DDFA63800E7379C /* PullRequestListTableViewController.swift */; };
		BD5E1C1A1E0AD2D700B8BF23 /* SearchResultsTableViewController.swift in Sources */ = {isa = PBXBuildFile; fileRef = BD5E1C191E0AD2D700B8BF23 /* SearchResultsTableViewController.swift */; };
		BD5E1C1C1E0AD4AA00B8BF23 /* SearchResultsDelegate.swift in Sources */ = {isa = PBXBuildFile; fileRef = BD5E1C1B1E0AD4AA00B8BF23 /* SearchResultsDelegate.swift */; };
		BD5E1C1E1E0AD4C300B8BF23 /* SearchResultsDataSource.swift in Sources */ = {isa = PBXBuildFile; fileRef = BD5E1C1D1E0AD4C300B8BF23 /* SearchResultsDataSource.swift */; };
		BD5E7A461DCD387500DAAB0D /* PullRequestViewController.swift in Sources */ = {isa = PBXBuildFile; fileRef = BD5E7A451DCD387500DAAB0D /* PullRequestViewController.swift */; };
		BD6564531DD23C6C005E6886 /* GitHubAFTableViewController.swift in Sources */ = {isa = PBXBuildFile; fileRef = BD6564521DD23C6C005E6886 /* GitHubAFTableViewController.swift */; };
		BD6564551DD26990005E6886 /* RepositoryAFTableViewController.swift in Sources */ = {isa = PBXBuildFile; fileRef = BD6564541DD26990005E6886 /* RepositoryAFTableViewController.swift */; };
		BD6F6A761DDF6279006768E4 /* RepositoryTableViewDataSource.swift in Sources */ = {isa = PBXBuildFile; fileRef = BD6F6A751DDF6279006768E4 /* RepositoryTableViewDataSource.swift */; };
		BD8049C71DCBDEF6008BACC8 /* PullRequest.swift in Sources */ = {isa = PBXBuildFile; fileRef = BD8049C61DCBDEF6008BACC8 /* PullRequest.swift */; };
		BD9545941DF60C6500E75275 /* RepositoryItems.swift in Sources */ = {isa = PBXBuildFile; fileRef = BD9545931DF60C6500E75275 /* RepositoryItems.swift */; };
		BD9CB23A1DDE50CC003B4C2F /* JSONParser.swift in Sources */ = {isa = PBXBuildFile; fileRef = BD9CB2391DDE50CC003B4C2F /* JSONParser.swift */; };
		BDE78BEA1DE35C84009FE558 /* PullRequestListDelegate.swift in Sources */ = {isa = PBXBuildFile; fileRef = BDE78BE91DE35C84009FE558 /* PullRequestListDelegate.swift */; };
		BDE78BEC1DE360F4009FE558 /* WebViewCreator.swift in Sources */ = {isa = PBXBuildFile; fileRef = BDE78BEB1DE360F4009FE558 /* WebViewCreator.swift */; };
		BDEA16B21DC9301F002AB755 /* RepositoryTableViewController.swift in Sources */ = {isa = PBXBuildFile; fileRef = BDEA16B11DC9301F002AB755 /* RepositoryTableViewController.swift */; };
		BDEA16B41DC93041002AB755 /* RepositoryTableViewCelll.swift in Sources */ = {isa = PBXBuildFile; fileRef = BDEA16B31DC93041002AB755 /* RepositoryTableViewCelll.swift */; };
/* End PBXBuildFile section */

/* Begin PBXContainerItemProxy section */
		BD48B3991DD0E522006FB1E2 /* PBXContainerItemProxy */ = {
			isa = PBXContainerItemProxy;
			containerPortal = BD3D20701DC110E5009C070B /* Project object */;
			proxyType = 1;
			remoteGlobalIDString = BD3D20771DC110E5009C070B;
			remoteInfo = "Desafio iOS";
		};
/* End PBXContainerItemProxy section */

/* Begin PBXFileReference section */
		4F2A290F7B0CFB37D81D4A7E /* Pods-Desafio iOSTests.debug.xcconfig */ = {isa = PBXFileReference; includeInIndex = 1; lastKnownFileType = text.xcconfig; name = "Pods-Desafio iOSTests.debug.xcconfig"; path = "Pods/Target Support Files/Pods-Desafio iOSTests/Pods-Desafio iOSTests.debug.xcconfig"; sourceTree = "<group>"; };
		5F254806890BB3070E9D5586 /* Pods-Desafio iOS.debug.xcconfig */ = {isa = PBXFileReference; includeInIndex = 1; lastKnownFileType = text.xcconfig; name = "Pods-Desafio iOS.debug.xcconfig"; path = "Pods/Target Support Files/Pods-Desafio iOS/Pods-Desafio iOS.debug.xcconfig"; sourceTree = "<group>"; };
		6ACDD85F796A6D9AE2E30B71 /* Pods_Desafio_iOSTests.framework */ = {isa = PBXFileReference; explicitFileType = wrapper.framework; includeInIndex = 0; path = Pods_Desafio_iOSTests.framework; sourceTree = BUILT_PRODUCTS_DIR; };
		B86B701E493C5CD8648E1ADC /* Pods-Desafio iOS.release.xcconfig */ = {isa = PBXFileReference; includeInIndex = 1; lastKnownFileType = text.xcconfig; name = "Pods-Desafio iOS.release.xcconfig"; path = "Pods/Target Support Files/Pods-Desafio iOS/Pods-Desafio iOS.release.xcconfig"; sourceTree = "<group>"; };
		BD0303C91DC7AB6900D285CF /* GitHubTableViewController.swift */ = {isa = PBXFileReference; fileEncoding = 4; lastKnownFileType = sourcecode.swift; path = GitHubTableViewController.swift; sourceTree = "<group>"; };
		BD0696BD1DF8817400841737 /* PullRequestUser.swift */ = {isa = PBXFileReference; fileEncoding = 4; lastKnownFileType = sourcecode.swift; path = PullRequestUser.swift; sourceTree = "<group>"; };
		BD0DCEA91DF72D5300DAAFCE /* RepositoryOwner.swift */ = {isa = PBXFileReference; fileEncoding = 4; lastKnownFileType = sourcecode.swift; path = RepositoryOwner.swift; sourceTree = "<group>"; };
		BD1B66341DDF6FD800407D4C /* GitHubTableViewDelegate.swift */ = {isa = PBXFileReference; fileEncoding = 4; lastKnownFileType = sourcecode.swift; path = GitHubTableViewDelegate.swift; sourceTree = "<group>"; };
		BD2F2CFC1DDCF43A00C3C1F9 /* GitHubTableViewDataSource.swift */ = {isa = PBXFileReference; fileEncoding = 4; lastKnownFileType = sourcecode.swift; path = GitHubTableViewDataSource.swift; sourceTree = "<group>"; };
		BD3D20781DC110E5009C070B /* Desafio iOS.app */ = {isa = PBXFileReference; explicitFileType = wrapper.application; includeInIndex = 0; path = "Desafio iOS.app"; sourceTree = BUILT_PRODUCTS_DIR; };
		BD3D207B1DC110E5009C070B /* AppDelegate.swift */ = {isa = PBXFileReference; lastKnownFileType = sourcecode.swift; path = AppDelegate.swift; sourceTree = "<group>"; };
		BD3D207D1DC110E5009C070B /* Teste.swift */ = {isa = PBXFileReference; lastKnownFileType = sourcecode.swift; path = Teste.swift; sourceTree = "<group>"; };
		BD3D20801DC110E5009C070B /* Base */ = {isa = PBXFileReference; lastKnownFileType = file.storyboard; name = Base; path = Base.lproj/Main.storyboard; sourceTree = "<group>"; };
		BD3D20821DC110E5009C070B /* Assets.xcassets */ = {isa = PBXFileReference; lastKnownFileType = folder.assetcatalog; path = Assets.xcassets; sourceTree = "<group>"; };
		BD3D20851DC110E5009C070B /* Base */ = {isa = PBXFileReference; lastKnownFileType = file.storyboard; name = Base; path = Base.lproj/LaunchScreen.storyboard; sourceTree = "<group>"; };
		BD3D20871DC110E5009C070B /* Info.plist */ = {isa = PBXFileReference; lastKnownFileType = text.plist.xml; path = Info.plist; sourceTree = "<group>"; };
		BD3D208D1DC13685009C070B /* GitHubTableViewCell.swift */ = {isa = PBXFileReference; fileEncoding = 4; lastKnownFileType = sourcecode.swift; path = GitHubTableViewCell.swift; sourceTree = "<group>"; };
		BD48B3941DD0E522006FB1E2 /* Desafio iOSTests.xctest */ = {isa = PBXFileReference; explicitFileType = wrapper.cfbundle; includeInIndex = 0; path = "Desafio iOSTests.xctest"; sourceTree = BUILT_PRODUCTS_DIR; };
		BD48B3961DD0E522006FB1E2 /* Desafio_iOSTests.swift */ = {isa = PBXFileReference; lastKnownFileType = sourcecode.swift; path = Desafio_iOSTests.swift; sourceTree = "<group>"; };
		BD48B3981DD0E522006FB1E2 /* Info.plist */ = {isa = PBXFileReference; lastKnownFileType = text.plist.xml; path = Info.plist; sourceTree = "<group>"; };
		BD5889861DDF9B9300E7379C /* Repository.swift */ = {isa = PBXFileReference; fileEncoding = 4; lastKnownFileType = sourcecode.swift; path = Repository.swift; sourceTree = "<group>"; };
		BD5889881DDFA01800E7379C /* RepositoryListTableViewController.swift */ = {isa = PBXFileReference; fileEncoding = 4; lastKnownFileType = sourcecode.swift; path = RepositoryListTableViewController.swift; sourceTree = "<group>"; };
		BD58898B1DDFA10C00E7379C /* RepositoryListDataSource.swift */ = {isa = PBXFileReference; fileEncoding = 4; lastKnownFileType = sourcecode.swift; path = RepositoryListDataSource.swift; sourceTree = "<group>"; };
		BD58898D1DDFA11600E7379C /* RepositoryListDelegate.swift */ = {isa = PBXFileReference; fileEncoding = 4; lastKnownFileType = sourcecode.swift; path = RepositoryListDelegate.swift; sourceTree = "<group>"; };
		BD5889911DDFA46E00E7379C /* PullRequestTableViewCell.swift */ = {isa = PBXFileReference; fileEncoding = 4; lastKnownFileType = sourcecode.swift; path = PullRequestTableViewCell.swift; sourceTree = "<group>"; };
		BD5889931DDFA49400E7379C /* RepositoryTableViewCell.swift */ = {isa = PBXFileReference; fileEncoding = 4; lastKnownFileType = sourcecode.swift; path = RepositoryTableViewCell.swift; sourceTree = "<group>"; };
		BD5889951DDFA5DC00E7379C /* PullRequestListDataSource.swift */ = {isa = PBXFileReference; fileEncoding = 4; lastKnownFileType = sourcecode.swift; path = PullRequestListDataSource.swift; sourceTree = "<group>"; };
		BD5889971DDFA63800E7379C /* PullRequestListTableViewController.swift */ = {isa = PBXFileReference; fileEncoding = 4; lastKnownFileType = sourcecode.swift; path = PullRequestListTableViewController.swift; sourceTree = "<group>"; };
		BD5E1C191E0AD2D700B8BF23 /* SearchResultsTableViewController.swift */ = {isa = PBXFileReference; fileEncoding = 4; lastKnownFileType = sourcecode.swift; path = SearchResultsTableViewController.swift; sourceTree = "<group>"; };
		BD5E1C1B1E0AD4AA00B8BF23 /* SearchResultsDelegate.swift */ = {isa = PBXFileReference; fileEncoding = 4; lastKnownFileType = sourcecode.swift; path = SearchResultsDelegate.swift; sourceTree = "<group>"; };
		BD5E1C1D1E0AD4C300B8BF23 /* SearchResultsDataSource.swift */ = {isa = PBXFileReference; fileEncoding = 4; lastKnownFileType = sourcecode.swift; path = SearchResultsDataSource.swift; sourceTree = "<group>"; };
		BD5E7A451DCD387500DAAB0D /* PullRequestViewController.swift */ = {isa = PBXFileReference; fileEncoding = 4; lastKnownFileType = sourcecode.swift; path = PullRequestViewController.swift; sourceTree = "<group>"; };
		BD6564521DD23C6C005E6886 /* GitHubAFTableViewController.swift */ = {isa = PBXFileReference; fileEncoding = 4; lastKnownFileType = sourcecode.swift; path = GitHubAFTableViewController.swift; sourceTree = "<group>"; };
		BD6564541DD26990005E6886 /* RepositoryAFTableViewController.swift */ = {isa = PBXFileReference; fileEncoding = 4; lastKnownFileType = sourcecode.swift; path = RepositoryAFTableViewController.swift; sourceTree = "<group>"; };
		BD6F6A751DDF6279006768E4 /* RepositoryTableViewDataSource.swift */ = {isa = PBXFileReference; fileEncoding = 4; lastKnownFileType = sourcecode.swift; path = RepositoryTableViewDataSource.swift; sourceTree = "<group>"; };
		BD8049C61DCBDEF6008BACC8 /* PullRequest.swift */ = {isa = PBXFileReference; fileEncoding = 4; lastKnownFileType = sourcecode.swift; path = PullRequest.swift; sourceTree = "<group>"; };
		BD9545931DF60C6500E75275 /* RepositoryItems.swift */ = {isa = PBXFileReference; fileEncoding = 4; lastKnownFileType = sourcecode.swift; path = RepositoryItems.swift; sourceTree = "<group>"; };
		BD9CB2391DDE50CC003B4C2F /* JSONParser.swift */ = {isa = PBXFileReference; fileEncoding = 4; lastKnownFileType = sourcecode.swift; path = JSONParser.swift; sourceTree = "<group>"; };
		BDE78BE91DE35C84009FE558 /* PullRequestListDelegate.swift */ = {isa = PBXFileReference; fileEncoding = 4; lastKnownFileType = sourcecode.swift; path = PullRequestListDelegate.swift; sourceTree = "<group>"; };
		BDE78BEB1DE360F4009FE558 /* WebViewCreator.swift */ = {isa = PBXFileReference; fileEncoding = 4; lastKnownFileType = sourcecode.swift; path = WebViewCreator.swift; sourceTree = "<group>"; };
		BDEA16B11DC9301F002AB755 /* RepositoryTableViewController.swift */ = {isa = PBXFileReference; fileEncoding = 4; lastKnownFileType = sourcecode.swift; path = RepositoryTableViewController.swift; sourceTree = "<group>"; };
		BDEA16B31DC93041002AB755 /* RepositoryTableViewCelll.swift */ = {isa = PBXFileReference; fileEncoding = 4; lastKnownFileType = sourcecode.swift; path = RepositoryTableViewCelll.swift; sourceTree = "<group>"; };
		CB50D43F2C4F12498228222C /* Pods-Desafio iOSTests.release.xcconfig */ = {isa = PBXFileReference; includeInIndex = 1; lastKnownFileType = text.xcconfig; name = "Pods-Desafio iOSTests.release.xcconfig"; path = "Pods/Target Support Files/Pods-Desafio iOSTests/Pods-Desafio iOSTests.release.xcconfig"; sourceTree = "<group>"; };
		F96B7AF3FD1DACACD2890426 /* Pods_Desafio_iOS.framework */ = {isa = PBXFileReference; explicitFileType = wrapper.framework; includeInIndex = 0; path = Pods_Desafio_iOS.framework; sourceTree = BUILT_PRODUCTS_DIR; };
/* End PBXFileReference section */

/* Begin PBXFrameworksBuildPhase section */
		BD3D20751DC110E5009C070B /* Frameworks */ = {
			isa = PBXFrameworksBuildPhase;
			buildActionMask = 2147483647;
			files = (
				30F2293CC6F3DB553B3BE782 /* Pods_Desafio_iOS.framework in Frameworks */,
			);
			runOnlyForDeploymentPostprocessing = 0;
		};
		BD48B3911DD0E522006FB1E2 /* Frameworks */ = {
			isa = PBXFrameworksBuildPhase;
			buildActionMask = 2147483647;
			files = (
				0B14672EF80A3422A396E511 /* Pods_Desafio_iOSTests.framework in Frameworks */,
			);
			runOnlyForDeploymentPostprocessing = 0;
		};
/* End PBXFrameworksBuildPhase section */

/* Begin PBXGroup section */
		11B278F5F48EB4283BA2EDEA /* Frameworks */ = {
			isa = PBXGroup;
			children = (
				F96B7AF3FD1DACACD2890426 /* Pods_Desafio_iOS.framework */,
				6ACDD85F796A6D9AE2E30B71 /* Pods_Desafio_iOSTests.framework */,
			);
			name = Frameworks;
			sourceTree = "<group>";
		};
		BD3D206F1DC110E5009C070B = {
			isa = PBXGroup;
			children = (
				BD3D207A1DC110E5009C070B /* Desafio iOS */,
				BD48B3951DD0E522006FB1E2 /* Desafio iOSTests */,
				BD3D20791DC110E5009C070B /* Products */,
				E69B13EE483BD80CC92D1704 /* Pods */,
				11B278F5F48EB4283BA2EDEA /* Frameworks */,
			);
			sourceTree = "<group>";
		};
		BD3D20791DC110E5009C070B /* Products */ = {
			isa = PBXGroup;
			children = (
				BD3D20781DC110E5009C070B /* Desafio iOS.app */,
				BD48B3941DD0E522006FB1E2 /* Desafio iOSTests.xctest */,
			);
			name = Products;
			sourceTree = "<group>";
		};
		BD3D207A1DC110E5009C070B /* Desafio iOS */ = {
			isa = PBXGroup;
			children = (
				BD3D207B1DC110E5009C070B /* AppDelegate.swift */,
				BD3D207F1DC110E5009C070B /* Main.storyboard */,
				BD3D20821DC110E5009C070B /* Assets.xcassets */,
				BD3D20841DC110E5009C070B /* LaunchScreen.storyboard */,
				BD3D20871DC110E5009C070B /* Info.plist */,
				BD815E711DC7B4930046A2BE /* Model */,
				BD4E95F61DC400C30041C424 /* Controller */,
				BD4E95F51DC400B60041C424 /* View */,
			);
			path = "Desafio iOS";
			sourceTree = "<group>";
		};
		BD48B3951DD0E522006FB1E2 /* Desafio iOSTests */ = {
			isa = PBXGroup;
			children = (
				BD48B3961DD0E522006FB1E2 /* Desafio_iOSTests.swift */,
				BD48B3981DD0E522006FB1E2 /* Info.plist */,
			);
			path = "Desafio iOSTests";
			sourceTree = "<group>";
		};
		BD4E95F51DC400B60041C424 /* View */ = {
			isa = PBXGroup;
			children = (
				BD5889901DDFA44200E7379C /* Unused */,
				BD5889931DDFA49400E7379C /* RepositoryTableViewCell.swift */,
				BD5889911DDFA46E00E7379C /* PullRequestTableViewCell.swift */,
			);
			name = View;
			sourceTree = "<group>";
		};
		BD4E95F61DC400C30041C424 /* Controller */ = {
			isa = PBXGroup;
			children = (
				BD58898A1DDFA03D00E7379C /* Unused */,
				BD5889881DDFA01800E7379C /* RepositoryListTableViewController.swift */,
				BD5889971DDFA63800E7379C /* PullRequestListTableViewController.swift */,
				BD5E7A451DCD387500DAAB0D /* PullRequestViewController.swift */,
				BD5E1C191E0AD2D700B8BF23 /* SearchResultsTableViewController.swift */,
			);
			name = Controller;
			sourceTree = "<group>";
		};
		BD58898A1DDFA03D00E7379C /* Unused */ = {
			isa = PBXGroup;
			children = (
				BD6564541DD26990005E6886 /* RepositoryAFTableViewController.swift */,
				BD6564521DD23C6C005E6886 /* GitHubAFTableViewController.swift */,
				BDEA16B11DC9301F002AB755 /* RepositoryTableViewController.swift */,
				BD0303C91DC7AB6900D285CF /* GitHubTableViewController.swift */,
				BD3D207D1DC110E5009C070B /* Teste.swift */,
			);
			name = Unused;
			sourceTree = "<group>";
		};
		BD58898F1DDFA32800E7379C /* Unused */ = {
			isa = PBXGroup;
			children = (
				BD6F6A751DDF6279006768E4 /* RepositoryTableViewDataSource.swift */,
				BD1B66341DDF6FD800407D4C /* GitHubTableViewDelegate.swift */,
				BD2F2CFC1DDCF43A00C3C1F9 /* GitHubTableViewDataSource.swift */,
			);
			name = Unused;
			sourceTree = "<group>";
		};
		BD5889901DDFA44200E7379C /* Unused */ = {
			isa = PBXGroup;
			children = (
				BDEA16B31DC93041002AB755 /* RepositoryTableViewCelll.swift */,
				BD3D208D1DC13685009C070B /* GitHubTableViewCell.swift */,
			);
			name = Unused;
			sourceTree = "<group>";
		};
		BD5E1C171E0ABB0C00B8BF23 /* Delegates */ = {
			isa = PBXGroup;
			children = (
				BD58898D1DDFA11600E7379C /* RepositoryListDelegate.swift */,
				BDE78BE91DE35C84009FE558 /* PullRequestListDelegate.swift */,
				BD5E1C1B1E0AD4AA00B8BF23 /* SearchResultsDelegate.swift */,
			);
			name = Delegates;
			sourceTree = "<group>";
		};
		BD5E1C181E0ABB1400B8BF23 /* Data sources */ = {
			isa = PBXGroup;
			children = (
				BD58898B1DDFA10C00E7379C /* RepositoryListDataSource.swift */,
				BD5889951DDFA5DC00E7379C /* PullRequestListDataSource.swift */,
				BD5E1C1D1E0AD4C300B8BF23 /* SearchResultsDataSource.swift */,
			);
			name = "Data sources";
			sourceTree = "<group>";
		};
		BD815E711DC7B4930046A2BE /* Model */ = {
			isa = PBXGroup;
			children = (
				BD58898F1DDFA32800E7379C /* Unused */,
				BD5889861DDF9B9300E7379C /* Repository.swift */,
				BD9545931DF60C6500E75275 /* RepositoryItems.swift */,
				BD0DCEA91DF72D5300DAAFCE /* RepositoryOwner.swift */,
				BD8049C61DCBDEF6008BACC8 /* PullRequest.swift */,
				BD0696BD1DF8817400841737 /* PullRequestUser.swift */,
				BD9CB2391DDE50CC003B4C2F /* JSONParser.swift */,
				BDE78BEB1DE360F4009FE558 /* WebViewCreator.swift */,
				BD5E1C181E0ABB1400B8BF23 /* Data sources */,
				BD5E1C171E0ABB0C00B8BF23 /* Delegates */,
			);
			name = Model;
			sourceTree = "<group>";
		};
		E69B13EE483BD80CC92D1704 /* Pods */ = {
			isa = PBXGroup;
			children = (
				5F254806890BB3070E9D5586 /* Pods-Desafio iOS.debug.xcconfig */,
				B86B701E493C5CD8648E1ADC /* Pods-Desafio iOS.release.xcconfig */,
				4F2A290F7B0CFB37D81D4A7E /* Pods-Desafio iOSTests.debug.xcconfig */,
				CB50D43F2C4F12498228222C /* Pods-Desafio iOSTests.release.xcconfig */,
			);
			name = Pods;
			sourceTree = "<group>";
		};
/* End PBXGroup section */

/* Begin PBXNativeTarget section */
		BD3D20771DC110E5009C070B /* Desafio iOS */ = {
			isa = PBXNativeTarget;
			buildConfigurationList = BD3D208A1DC110E5009C070B /* Build configuration list for PBXNativeTarget "Desafio iOS" */;
			buildPhases = (
				25FA7C66D2886740908D9043 /* [CP] Check Pods Manifest.lock */,
				BD3D20741DC110E5009C070B /* Sources */,
				BD3D20751DC110E5009C070B /* Frameworks */,
				BD3D20761DC110E5009C070B /* Resources */,
				467BC811CE063BB291E7A80C /* [CP] Embed Pods Frameworks */,
				D823E90830FA3BFAF2AE60C4 /* [CP] Copy Pods Resources */,
			);
			buildRules = (
			);
			dependencies = (
			);
			name = "Desafio iOS";
			productName = "Desafio iOS";
			productReference = BD3D20781DC110E5009C070B /* Desafio iOS.app */;
			productType = "com.apple.product-type.application";
		};
		BD48B3931DD0E522006FB1E2 /* Desafio iOSTests */ = {
			isa = PBXNativeTarget;
			buildConfigurationList = BD48B39B1DD0E522006FB1E2 /* Build configuration list for PBXNativeTarget "Desafio iOSTests" */;
			buildPhases = (
				BF140B0ECAF555692C0E2A7C /* [CP] Check Pods Manifest.lock */,
				BD48B3901DD0E522006FB1E2 /* Sources */,
				BD48B3911DD0E522006FB1E2 /* Frameworks */,
				BD48B3921DD0E522006FB1E2 /* Resources */,
				E9949419A85EB457D6CA706F /* [CP] Embed Pods Frameworks */,
				A008301C013CCDE6B01E11D9 /* [CP] Copy Pods Resources */,
			);
			buildRules = (
			);
			dependencies = (
				BD48B39A1DD0E522006FB1E2 /* PBXTargetDependency */,
			);
			name = "Desafio iOSTests";
			productName = "Desafio iOSTests";
			productReference = BD48B3941DD0E522006FB1E2 /* Desafio iOSTests.xctest */;
			productType = "com.apple.product-type.bundle.unit-test";
		};
/* End PBXNativeTarget section */

/* Begin PBXProject section */
		BD3D20701DC110E5009C070B /* Project object */ = {
			isa = PBXProject;
			attributes = {
				LastSwiftUpdateCheck = 0800;
				LastUpgradeCheck = 0810;
				ORGANIZATIONNAME = "Christian Perrone";
				TargetAttributes = {
					BD3D20771DC110E5009C070B = {
						CreatedOnToolsVersion = 8.0;
						DevelopmentTeam = 2A7C9XFDQ7;
						ProvisioningStyle = Automatic;
					};
					BD48B3931DD0E522006FB1E2 = {
						CreatedOnToolsVersion = 8.0;
						DevelopmentTeam = 2A7C9XFDQ7;
						ProvisioningStyle = Automatic;
						TestTargetID = BD3D20771DC110E5009C070B;
					};
				};
			};
			buildConfigurationList = BD3D20731DC110E5009C070B /* Build configuration list for PBXProject "Desafio iOS" */;
			compatibilityVersion = "Xcode 3.2";
			developmentRegion = English;
			hasScannedForEncodings = 0;
			knownRegions = (
				en,
				Base,
			);
			mainGroup = BD3D206F1DC110E5009C070B;
			productRefGroup = BD3D20791DC110E5009C070B /* Products */;
			projectDirPath = "";
			projectRoot = "";
			targets = (
				BD3D20771DC110E5009C070B /* Desafio iOS */,
				BD48B3931DD0E522006FB1E2 /* Desafio iOSTests */,
			);
		};
/* End PBXProject section */

/* Begin PBXResourcesBuildPhase section */
		BD3D20761DC110E5009C070B /* Resources */ = {
			isa = PBXResourcesBuildPhase;
			buildActionMask = 2147483647;
			files = (
				BD3D20861DC110E5009C070B /* LaunchScreen.storyboard in Resources */,
				BD3D20831DC110E5009C070B /* Assets.xcassets in Resources */,
				BD3D20811DC110E5009C070B /* Main.storyboard in Resources */,
			);
			runOnlyForDeploymentPostprocessing = 0;
		};
		BD48B3921DD0E522006FB1E2 /* Resources */ = {
			isa = PBXResourcesBuildPhase;
			buildActionMask = 2147483647;
			files = (
			);
			runOnlyForDeploymentPostprocessing = 0;
		};
/* End PBXResourcesBuildPhase section */

/* Begin PBXShellScriptBuildPhase section */
		25FA7C66D2886740908D9043 /* [CP] Check Pods Manifest.lock */ = {
			isa = PBXShellScriptBuildPhase;
			buildActionMask = 2147483647;
			files = (
			);
			inputPaths = (
			);
			name = "[CP] Check Pods Manifest.lock";
			outputPaths = (
			);
			runOnlyForDeploymentPostprocessing = 0;
			shellPath = /bin/sh;
			shellScript = "diff \"${PODS_ROOT}/../Podfile.lock\" \"${PODS_ROOT}/Manifest.lock\" > /dev/null\nif [ $? != 0 ] ; then\n    # print error to STDERR\n    echo \"error: The sandbox is not in sync with the Podfile.lock. Run 'pod install' or update your CocoaPods installation.\" >&2\n    exit 1\nfi\n";
			showEnvVarsInLog = 0;
		};
		467BC811CE063BB291E7A80C /* [CP] Embed Pods Frameworks */ = {
			isa = PBXShellScriptBuildPhase;
			buildActionMask = 2147483647;
			files = (
			);
			inputPaths = (
			);
			name = "[CP] Embed Pods Frameworks";
			outputPaths = (
			);
			runOnlyForDeploymentPostprocessing = 0;
			shellPath = /bin/sh;
			shellScript = "\"${SRCROOT}/Pods/Target Support Files/Pods-Desafio iOS/Pods-Desafio iOS-frameworks.sh\"\n";
			showEnvVarsInLog = 0;
		};
		A008301C013CCDE6B01E11D9 /* [CP] Copy Pods Resources */ = {
			isa = PBXShellScriptBuildPhase;
			buildActionMask = 2147483647;
			files = (
			);
			inputPaths = (
			);
			name = "[CP] Copy Pods Resources";
			outputPaths = (
			);
			runOnlyForDeploymentPostprocessing = 0;
			shellPath = /bin/sh;
			shellScript = "\"${SRCROOT}/Pods/Target Support Files/Pods-Desafio iOSTests/Pods-Desafio iOSTests-resources.sh\"\n";
			showEnvVarsInLog = 0;
		};
		BF140B0ECAF555692C0E2A7C /* [CP] Check Pods Manifest.lock */ = {
			isa = PBXShellScriptBuildPhase;
			buildActionMask = 2147483647;
			files = (
			);
			inputPaths = (
			);
			name = "[CP] Check Pods Manifest.lock";
			outputPaths = (
			);
			runOnlyForDeploymentPostprocessing = 0;
			shellPath = /bin/sh;
			shellScript = "diff \"${PODS_ROOT}/../Podfile.lock\" \"${PODS_ROOT}/Manifest.lock\" > /dev/null\nif [ $? != 0 ] ; then\n    # print error to STDERR\n    echo \"error: The sandbox is not in sync with the Podfile.lock. Run 'pod install' or update your CocoaPods installation.\" >&2\n    exit 1\nfi\n";
			showEnvVarsInLog = 0;
		};
		D823E90830FA3BFAF2AE60C4 /* [CP] Copy Pods Resources */ = {
			isa = PBXShellScriptBuildPhase;
			buildActionMask = 2147483647;
			files = (
			);
			inputPaths = (
			);
			name = "[CP] Copy Pods Resources";
			outputPaths = (
			);
			runOnlyForDeploymentPostprocessing = 0;
			shellPath = /bin/sh;
			shellScript = "\"${SRCROOT}/Pods/Target Support Files/Pods-Desafio iOS/Pods-Desafio iOS-resources.sh\"\n";
			showEnvVarsInLog = 0;
		};
		E9949419A85EB457D6CA706F /* [CP] Embed Pods Frameworks */ = {
			isa = PBXShellScriptBuildPhase;
			buildActionMask = 2147483647;
			files = (
			);
			inputPaths = (
			);
			name = "[CP] Embed Pods Frameworks";
			outputPaths = (
			);
			runOnlyForDeploymentPostprocessing = 0;
			shellPath = /bin/sh;
			shellScript = "\"${SRCROOT}/Pods/Target Support Files/Pods-Desafio iOSTests/Pods-Desafio iOSTests-frameworks.sh\"\n";
			showEnvVarsInLog = 0;
		};
/* End PBXShellScriptBuildPhase section */

/* Begin PBXSourcesBuildPhase section */
		BD3D20741DC110E5009C070B /* Sources */ = {
			isa = PBXSourcesBuildPhase;
			buildActionMask = 2147483647;
			files = (
				BD5E7A461DCD387500DAAB0D /* PullRequestViewController.swift in Sources */,
				BD0303CA1DC7AB6900D285CF /* GitHubTableViewController.swift in Sources */,
				BD2F2CFD1DDCF43A00C3C1F9 /* GitHubTableViewDataSource.swift in Sources */,
				BD9545941DF60C6500E75275 /* RepositoryItems.swift in Sources */,
				BD5889941DDFA49400E7379C /* RepositoryTableViewCell.swift in Sources */,
				BD0696BE1DF8817400841737 /* PullRequestUser.swift in Sources */,
				BD9CB23A1DDE50CC003B4C2F /* JSONParser.swift in Sources */,
				BD5E1C1E1E0AD4C300B8BF23 /* SearchResultsDataSource.swift in Sources */,
				BD5889921DDFA46E00E7379C /* PullRequestTableViewCell.swift in Sources */,
				BD6564551DD26990005E6886 /* RepositoryAFTableViewController.swift in Sources */,
				BD5889891DDFA01800E7379C /* RepositoryListTableViewController.swift in Sources */,
				BD5889961DDFA5DC00E7379C /* PullRequestListDataSource.swift in Sources */,
				BD6564531DD23C6C005E6886 /* GitHubAFTableViewController.swift in Sources */,
				BD5E1C1A1E0AD2D700B8BF23 /* SearchResultsTableViewController.swift in Sources */,
				BD8049C71DCBDEF6008BACC8 /* PullRequest.swift in Sources */,
				BDEA16B41DC93041002AB755 /* RepositoryTableViewCelll.swift in Sources */,
				BD0DCEAA1DF72D5300DAAFCE /* RepositoryOwner.swift in Sources */,
				BD5889981DDFA63800E7379C /* PullRequestListTableViewController.swift in Sources */,
				BD3D207E1DC110E5009C070B /* Teste.swift in Sources */,
				BD5E1C1C1E0AD4AA00B8BF23 /* SearchResultsDelegate.swift in Sources */,
				BD6F6A761DDF6279006768E4 /* RepositoryTableViewDataSource.swift in Sources */,
				BD5889871DDF9B9300E7379C /* Repository.swift in Sources */,
				BDE78BEC1DE360F4009FE558 /* WebViewCreator.swift in Sources */,
				BD1B66351DDF6FD800407D4C /* GitHubTableViewDelegate.swift in Sources */,
				BDEA16B21DC9301F002AB755 /* RepositoryTableViewController.swift in Sources */,
				BD3D207C1DC110E5009C070B /* AppDelegate.swift in Sources */,
				BDE78BEA1DE35C84009FE558 /* PullRequestListDelegate.swift in Sources */,
				BD3D208E1DC13685009C070B /* GitHubTableViewCell.swift in Sources */,
				BD58898E1DDFA11600E7379C /* RepositoryListDelegate.swift in Sources */,
				BD58898C1DDFA10C00E7379C /* RepositoryListDataSource.swift in Sources */,
			);
			runOnlyForDeploymentPostprocessing = 0;
		};
		BD48B3901DD0E522006FB1E2 /* Sources */ = {
			isa = PBXSourcesBuildPhase;
			buildActionMask = 2147483647;
			files = (
				BD48B3971DD0E522006FB1E2 /* Desafio_iOSTests.swift in Sources */,
			);
			runOnlyForDeploymentPostprocessing = 0;
		};
/* End PBXSourcesBuildPhase section */

/* Begin PBXTargetDependency section */
		BD48B39A1DD0E522006FB1E2 /* PBXTargetDependency */ = {
			isa = PBXTargetDependency;
			target = BD3D20771DC110E5009C070B /* Desafio iOS */;
			targetProxy = BD48B3991DD0E522006FB1E2 /* PBXContainerItemProxy */;
		};
/* End PBXTargetDependency section */

/* Begin PBXVariantGroup section */
		BD3D207F1DC110E5009C070B /* Main.storyboard */ = {
			isa = PBXVariantGroup;
			children = (
				BD3D20801DC110E5009C070B /* Base */,
			);
			name = Main.storyboard;
			sourceTree = "<group>";
		};
		BD3D20841DC110E5009C070B /* LaunchScreen.storyboard */ = {
			isa = PBXVariantGroup;
			children = (
				BD3D20851DC110E5009C070B /* Base */,
			);
			name = LaunchScreen.storyboard;
			sourceTree = "<group>";
		};
/* End PBXVariantGroup section */

/* Begin XCBuildConfiguration section */
		BD3D20881DC110E5009C070B /* Debug */ = {
			isa = XCBuildConfiguration;
			buildSettings = {
				ALWAYS_SEARCH_USER_PATHS = NO;
				CLANG_ANALYZER_NONNULL = YES;
				CLANG_CXX_LANGUAGE_STANDARD = "gnu++0x";
				CLANG_CXX_LIBRARY = "libc++";
				CLANG_ENABLE_MODULES = YES;
				CLANG_ENABLE_OBJC_ARC = YES;
				CLANG_WARN_BOOL_CONVERSION = YES;
				CLANG_WARN_CONSTANT_CONVERSION = YES;
				CLANG_WARN_DIRECT_OBJC_ISA_USAGE = YES_ERROR;
				CLANG_WARN_DOCUMENTATION_COMMENTS = YES;
				CLANG_WARN_EMPTY_BODY = YES;
				CLANG_WARN_ENUM_CONVERSION = YES;
				CLANG_WARN_INFINITE_RECURSION = YES;
				CLANG_WARN_INT_CONVERSION = YES;
				CLANG_WARN_OBJC_ROOT_CLASS = YES_ERROR;
				CLANG_WARN_SUSPICIOUS_MOVE = YES;
				CLANG_WARN_SUSPICIOUS_MOVES = YES;
				CLANG_WARN_UNREACHABLE_CODE = YES;
				CLANG_WARN__DUPLICATE_METHOD_MATCH = YES;
				"CODE_SIGN_IDENTITY[sdk=iphoneos*]" = "iPhone Developer";
				COPY_PHASE_STRIP = NO;
				DEBUG_INFORMATION_FORMAT = dwarf;
				ENABLE_STRICT_OBJC_MSGSEND = YES;
				ENABLE_TESTABILITY = YES;
				GCC_C_LANGUAGE_STANDARD = gnu99;
				GCC_DYNAMIC_NO_PIC = NO;
				GCC_NO_COMMON_BLOCKS = YES;
				GCC_OPTIMIZATION_LEVEL = 0;
				GCC_PREPROCESSOR_DEFINITIONS = (
					"DEBUG=1",
					"$(inherited)",
				);
				GCC_WARN_64_TO_32_BIT_CONVERSION = YES;
				GCC_WARN_ABOUT_RETURN_TYPE = YES_ERROR;
				GCC_WARN_UNDECLARED_SELECTOR = YES;
				GCC_WARN_UNINITIALIZED_AUTOS = YES_AGGRESSIVE;
				GCC_WARN_UNUSED_FUNCTION = YES;
				GCC_WARN_UNUSED_VARIABLE = YES;
				IPHONEOS_DEPLOYMENT_TARGET = 10.0;
				MTL_ENABLE_DEBUG_INFO = YES;
				ONLY_ACTIVE_ARCH = YES;
				SDKROOT = iphoneos;
				SWIFT_ACTIVE_COMPILATION_CONDITIONS = DEBUG;
				SWIFT_OPTIMIZATION_LEVEL = "-Onone";
				TARGETED_DEVICE_FAMILY = "1,2";
			};
			name = Debug;
		};
		BD3D20891DC110E5009C070B /* Release */ = {
			isa = XCBuildConfiguration;
			buildSettings = {
				ALWAYS_SEARCH_USER_PATHS = NO;
				CLANG_ANALYZER_NONNULL = YES;
				CLANG_CXX_LANGUAGE_STANDARD = "gnu++0x";
				CLANG_CXX_LIBRARY = "libc++";
				CLANG_ENABLE_MODULES = YES;
				CLANG_ENABLE_OBJC_ARC = YES;
				CLANG_WARN_BOOL_CONVERSION = YES;
				CLANG_WARN_CONSTANT_CONVERSION = YES;
				CLANG_WARN_DIRECT_OBJC_ISA_USAGE = YES_ERROR;
				CLANG_WARN_DOCUMENTATION_COMMENTS = YES;
				CLANG_WARN_EMPTY_BODY = YES;
				CLANG_WARN_ENUM_CONVERSION = YES;
				CLANG_WARN_INFINITE_RECURSION = YES;
				CLANG_WARN_INT_CONVERSION = YES;
				CLANG_WARN_OBJC_ROOT_CLASS = YES_ERROR;
				CLANG_WARN_SUSPICIOUS_MOVE = YES;
				CLANG_WARN_SUSPICIOUS_MOVES = YES;
				CLANG_WARN_UNREACHABLE_CODE = YES;
				CLANG_WARN__DUPLICATE_METHOD_MATCH = YES;
				"CODE_SIGN_IDENTITY[sdk=iphoneos*]" = "iPhone Developer";
				COPY_PHASE_STRIP = NO;
				DEBUG_INFORMATION_FORMAT = "dwarf-with-dsym";
				ENABLE_NS_ASSERTIONS = NO;
				ENABLE_STRICT_OBJC_MSGSEND = YES;
				GCC_C_LANGUAGE_STANDARD = gnu99;
				GCC_NO_COMMON_BLOCKS = YES;
				GCC_WARN_64_TO_32_BIT_CONVERSION = YES;
				GCC_WARN_ABOUT_RETURN_TYPE = YES_ERROR;
				GCC_WARN_UNDECLARED_SELECTOR = YES;
				GCC_WARN_UNINITIALIZED_AUTOS = YES_AGGRESSIVE;
				GCC_WARN_UNUSED_FUNCTION = YES;
				GCC_WARN_UNUSED_VARIABLE = YES;
				IPHONEOS_DEPLOYMENT_TARGET = 10.0;
				MTL_ENABLE_DEBUG_INFO = NO;
				SDKROOT = iphoneos;
				SWIFT_OPTIMIZATION_LEVEL = "-Owholemodule";
				TARGETED_DEVICE_FAMILY = "1,2";
				VALIDATE_PRODUCT = YES;
			};
			name = Release;
		};
		BD3D208B1DC110E5009C070B /* Debug */ = {
			isa = XCBuildConfiguration;
			baseConfigurationReference = 5F254806890BB3070E9D5586 /* Pods-Desafio iOS.debug.xcconfig */;
			buildSettings = {
				ALWAYS_EMBED_SWIFT_STANDARD_LIBRARIES = YES;
				ASSETCATALOG_COMPILER_APPICON_NAME = AppIcon;
				DEVELOPMENT_TEAM = 2A7C9XFDQ7;
				INFOPLIST_FILE = "Desafio iOS/Info.plist";
				LD_RUNPATH_SEARCH_PATHS = "$(inherited) @executable_path/Frameworks";
				PRODUCT_BUNDLE_IDENTIFIER = "com.aprendendo.Desafio-iOS";
				PRODUCT_NAME = "$(TARGET_NAME)";
				SWIFT_VERSION = 3.0;
			};
			name = Debug;
		};
		BD3D208C1DC110E5009C070B /* Release */ = {
			isa = XCBuildConfiguration;
			baseConfigurationReference = B86B701E493C5CD8648E1ADC /* Pods-Desafio iOS.release.xcconfig */;
			buildSettings = {
				ALWAYS_EMBED_SWIFT_STANDARD_LIBRARIES = YES;
				ASSETCATALOG_COMPILER_APPICON_NAME = AppIcon;
				DEVELOPMENT_TEAM = 2A7C9XFDQ7;
				INFOPLIST_FILE = "Desafio iOS/Info.plist";
				LD_RUNPATH_SEARCH_PATHS = "$(inherited) @executable_path/Frameworks";
				PRODUCT_BUNDLE_IDENTIFIER = "com.aprendendo.Desafio-iOS";
				PRODUCT_NAME = "$(TARGET_NAME)";
				SWIFT_VERSION = 3.0;
			};
			name = Release;
		};
		BD48B39C1DD0E522006FB1E2 /* Debug */ = {
			isa = XCBuildConfiguration;
			baseConfigurationReference = 4F2A290F7B0CFB37D81D4A7E /* Pods-Desafio iOSTests.debug.xcconfig */;
			buildSettings = {
				BUNDLE_LOADER = "$(TEST_HOST)";
				DEVELOPMENT_TEAM = 2A7C9XFDQ7;
				INFOPLIST_FILE = "Desafio iOSTests/Info.plist";
				LD_RUNPATH_SEARCH_PATHS = "$(inherited) @executable_path/Frameworks @loader_path/Frameworks";
				PRODUCT_BUNDLE_IDENTIFIER = "com.aprendendo.Desafio-iOSTests";
				PRODUCT_NAME = "$(TARGET_NAME)";
				SWIFT_VERSION = 3.0;
				TEST_HOST = "$(BUILT_PRODUCTS_DIR)/Desafio iOS.app/Desafio iOS";
			};
			name = Debug;
		};
		BD48B39D1DD0E522006FB1E2 /* Release */ = {
			isa = XCBuildConfiguration;
			baseConfigurationReference = CB50D43F2C4F12498228222C /* Pods-Desafio iOSTests.release.xcconfig */;
			buildSettings = {
				BUNDLE_LOADER = "$(TEST_HOST)";
				DEVELOPMENT_TEAM = 2A7C9XFDQ7;
				INFOPLIST_FILE = "Desafio iOSTests/Info.plist";
				LD_RUNPATH_SEARCH_PATHS = "$(inherited) @executable_path/Frameworks @loader_path/Frameworks";
				PRODUCT_BUNDLE_IDENTIFIER = "com.aprendendo.Desafio-iOSTests";
				PRODUCT_NAME = "$(TARGET_NAME)";
				SWIFT_VERSION = 3.0;
				TEST_HOST = "$(BUILT_PRODUCTS_DIR)/Desafio iOS.app/Desafio iOS";
			};
			name = Release;
		};
/* End XCBuildConfiguration section */

/* Begin XCConfigurationList section */
		BD3D20731DC110E5009C070B /* Build configuration list for PBXProject "Desafio iOS" */ = {
			isa = XCConfigurationList;
			buildConfigurations = (
				BD3D20881DC110E5009C070B /* Debug */,
				BD3D20891DC110E5009C070B /* Release */,
			);
			defaultConfigurationIsVisible = 0;
			defaultConfigurationName = Release;
		};
		BD3D208A1DC110E5009C070B /* Build configuration list for PBXNativeTarget "Desafio iOS" */ = {
			isa = XCConfigurationList;
			buildConfigurations = (
				BD3D208B1DC110E5009C070B /* Debug */,
				BD3D208C1DC110E5009C070B /* Release */,
			);
			defaultConfigurationIsVisible = 0;
			defaultConfigurationName = Release;
		};
		BD48B39B1DD0E522006FB1E2 /* Build configuration list for PBXNativeTarget "Desafio iOSTests" */ = {
			isa = XCConfigurationList;
			buildConfigurations = (
				BD48B39C1DD0E522006FB1E2 /* Debug */,
				BD48B39D1DD0E522006FB1E2 /* Release */,
			);
			defaultConfigurationIsVisible = 0;
			defaultConfigurationName = Release;
		};
/* End XCConfigurationList section */
	};
	rootObject = BD3D20701DC110E5009C070B /* Project object */;
}
